// !$*UTF8*$!
{
	archiveVersion = 1;
	classes = {
	};
	objectVersion = 46;
	objects = {

/* Begin PBXBuildFile section */
		231B7FD21E998FEA00A736C3 /* CustomSlider.swift in Sources */ = {isa = PBXBuildFile; fileRef = 231B7FD11E998FEA00A736C3 /* CustomSlider.swift */; };
		231B7FD41E99AC1F00A736C3 /* ExtensionsUIView.swift in Sources */ = {isa = PBXBuildFile; fileRef = 231B7FD31E99AC1F00A736C3 /* ExtensionsUIView.swift */; };
		231B7FD61E99B00A00A736C3 /* TimerCalculator.swift in Sources */ = {isa = PBXBuildFile; fileRef = 231B7FD51E99B00A00A736C3 /* TimerCalculator.swift */; };
		231B7FDE1E99D54400A736C3 /* Mumbai.gpx in Resources */ = {isa = PBXBuildFile; fileRef = 231B7FD71E99D54400A736C3 /* Mumbai.gpx */; };
		231B7FDF1E99D54400A736C3 /* brisbane.gpx in Resources */ = {isa = PBXBuildFile; fileRef = 231B7FD81E99D54400A736C3 /* brisbane.gpx */; };
		231B7FE01E99D54400A736C3 /* canberra.gpx in Resources */ = {isa = PBXBuildFile; fileRef = 231B7FD91E99D54400A736C3 /* canberra.gpx */; };
		231B7FE11E99D54400A736C3 /* darwin.gpx in Resources */ = {isa = PBXBuildFile; fileRef = 231B7FDA1E99D54400A736C3 /* darwin.gpx */; };
		231B7FE21E99D54400A736C3 /* hobart.gpx in Resources */ = {isa = PBXBuildFile; fileRef = 231B7FDB1E99D54400A736C3 /* hobart.gpx */; };
		231B7FE31E99D54400A736C3 /* melbourne.gpx in Resources */ = {isa = PBXBuildFile; fileRef = 231B7FDC1E99D54400A736C3 /* melbourne.gpx */; };
		231B7FE41E99D54400A736C3 /* perth.gpx in Resources */ = {isa = PBXBuildFile; fileRef = 231B7FDD1E99D54400A736C3 /* perth.gpx */; };
		2335890A1E99519B00ED4A70 /* AppDelegate.swift in Sources */ = {isa = PBXBuildFile; fileRef = 233589091E99519B00ED4A70 /* AppDelegate.swift */; };
		2335890C1E99519B00ED4A70 /* ViewController.swift in Sources */ = {isa = PBXBuildFile; fileRef = 2335890B1E99519B00ED4A70 /* ViewController.swift */; };
		2335890F1E99519B00ED4A70 /* Main.storyboard in Resources */ = {isa = PBXBuildFile; fileRef = 2335890D1E99519B00ED4A70 /* Main.storyboard */; };
		233589121E99519B00ED4A70 /* LocationLoktra.xcdatamodeld in Sources */ = {isa = PBXBuildFile; fileRef = 233589101E99519B00ED4A70 /* LocationLoktra.xcdatamodeld */; };
		233589141E99519B00ED4A70 /* Assets.xcassets in Resources */ = {isa = PBXBuildFile; fileRef = 233589131E99519B00ED4A70 /* Assets.xcassets */; };
		233589171E99519B00ED4A70 /* LaunchScreen.storyboard in Resources */ = {isa = PBXBuildFile; fileRef = 233589151E99519B00ED4A70 /* LaunchScreen.storyboard */; };
/* End PBXBuildFile section */

/* Begin PBXFileReference section */
		231B7FD11E998FEA00A736C3 /* CustomSlider.swift */ = {isa = PBXFileReference; fileEncoding = 4; lastKnownFileType = sourcecode.swift; path = CustomSlider.swift; sourceTree = "<group>"; };
		231B7FD31E99AC1F00A736C3 /* ExtensionsUIView.swift */ = {isa = PBXFileReference; fileEncoding = 4; lastKnownFileType = sourcecode.swift; path = ExtensionsUIView.swift; sourceTree = "<group>"; };
		231B7FD51E99B00A00A736C3 /* TimerCalculator.swift */ = {isa = PBXFileReference; fileEncoding = 4; lastKnownFileType = sourcecode.swift; path = TimerCalculator.swift; sourceTree = "<group>"; };
		231B7FD71E99D54400A736C3 /* Mumbai.gpx */ = {isa = PBXFileReference; fileEncoding = 4; lastKnownFileType = text; path = Mumbai.gpx; sourceTree = "<group>"; };
		231B7FD81E99D54400A736C3 /* brisbane.gpx */ = {isa = PBXFileReference; fileEncoding = 4; lastKnownFileType = text; path = brisbane.gpx; sourceTree = "<group>"; };
		231B7FD91E99D54400A736C3 /* canberra.gpx */ = {isa = PBXFileReference; fileEncoding = 4; lastKnownFileType = text; path = canberra.gpx; sourceTree = "<group>"; };
		231B7FDA1E99D54400A736C3 /* darwin.gpx */ = {isa = PBXFileReference; fileEncoding = 4; lastKnownFileType = text; path = darwin.gpx; sourceTree = "<group>"; };
		231B7FDB1E99D54400A736C3 /* hobart.gpx */ = {isa = PBXFileReference; fileEncoding = 4; lastKnownFileType = text; path = hobart.gpx; sourceTree = "<group>"; };
		231B7FDC1E99D54400A736C3 /* melbourne.gpx */ = {isa = PBXFileReference; fileEncoding = 4; lastKnownFileType = text; path = melbourne.gpx; sourceTree = "<group>"; };
		231B7FDD1E99D54400A736C3 /* perth.gpx */ = {isa = PBXFileReference; fileEncoding = 4; lastKnownFileType = text; path = perth.gpx; sourceTree = "<group>"; };
		233589061E99519B00ED4A70 /* LocationLoktra.app */ = {isa = PBXFileReference; explicitFileType = wrapper.application; includeInIndex = 0; path = LocationLoktra.app; sourceTree = BUILT_PRODUCTS_DIR; };
		233589091E99519B00ED4A70 /* AppDelegate.swift */ = {isa = PBXFileReference; lastKnownFileType = sourcecode.swift; path = AppDelegate.swift; sourceTree = "<group>"; };
		2335890B1E99519B00ED4A70 /* ViewController.swift */ = {isa = PBXFileReference; lastKnownFileType = sourcecode.swift; path = ViewController.swift; sourceTree = "<group>"; };
		2335890E1E99519B00ED4A70 /* Base */ = {isa = PBXFileReference; lastKnownFileType = file.storyboard; name = Base; path = Base.lproj/Main.storyboard; sourceTree = "<group>"; };
		233589111E99519B00ED4A70 /* LocationLoktra.xcdatamodel */ = {isa = PBXFileReference; lastKnownFileType = wrapper.xcdatamodel; path = LocationLoktra.xcdatamodel; sourceTree = "<group>"; };
		233589131E99519B00ED4A70 /* Assets.xcassets */ = {isa = PBXFileReference; lastKnownFileType = folder.assetcatalog; path = Assets.xcassets; sourceTree = "<group>"; };
		233589161E99519B00ED4A70 /* Base */ = {isa = PBXFileReference; lastKnownFileType = file.storyboard; name = Base; path = Base.lproj/LaunchScreen.storyboard; sourceTree = "<group>"; };
		233589181E99519B00ED4A70 /* Info.plist */ = {isa = PBXFileReference; lastKnownFileType = text.plist.xml; path = Info.plist; sourceTree = "<group>"; };
/* End PBXFileReference section */

/* Begin PBXFrameworksBuildPhase section */
		233589031E99519B00ED4A70 /* Frameworks */ = {
			isa = PBXFrameworksBuildPhase;
			buildActionMask = 2147483647;
			files = (
			);
			runOnlyForDeploymentPostprocessing = 0;
		};
/* End PBXFrameworksBuildPhase section */

/* Begin PBXGroup section */
		233588FD1E99519B00ED4A70 = {
			isa = PBXGroup;
			children = (
				231B7FD71E99D54400A736C3 /* Mumbai.gpx */,
				231B7FD81E99D54400A736C3 /* brisbane.gpx */,
				231B7FD91E99D54400A736C3 /* canberra.gpx */,
				231B7FDA1E99D54400A736C3 /* darwin.gpx */,
				231B7FDB1E99D54400A736C3 /* hobart.gpx */,
				231B7FDC1E99D54400A736C3 /* melbourne.gpx */,
				231B7FDD1E99D54400A736C3 /* perth.gpx */,
				233589081E99519B00ED4A70 /* LocationLoktra */,
				233589071E99519B00ED4A70 /* Products */,
			);
			sourceTree = "<group>";
		};
		233589071E99519B00ED4A70 /* Products */ = {
			isa = PBXGroup;
			children = (
				233589061E99519B00ED4A70 /* LocationLoktra.app */,
			);
			name = Products;
			sourceTree = "<group>";
		};
		233589081E99519B00ED4A70 /* LocationLoktra */ = {
			isa = PBXGroup;
			children = (
				231B7FD31E99AC1F00A736C3 /* ExtensionsUIView.swift */,
				231B7FD51E99B00A00A736C3 /* TimerCalculator.swift */,
				231B7FD11E998FEA00A736C3 /* CustomSlider.swift */,
				233589091E99519B00ED4A70 /* AppDelegate.swift */,
				2335890B1E99519B00ED4A70 /* ViewController.swift */,
				2335890D1E99519B00ED4A70 /* Main.storyboard */,
				233589131E99519B00ED4A70 /* Assets.xcassets */,
				233589151E99519B00ED4A70 /* LaunchScreen.storyboard */,
				233589181E99519B00ED4A70 /* Info.plist */,
				233589101E99519B00ED4A70 /* LocationLoktra.xcdatamodeld */,
			);
			path = LocationLoktra;
			sourceTree = "<group>";
		};
/* End PBXGroup section */

/* Begin PBXNativeTarget section */
		233589051E99519B00ED4A70 /* LocationLoktra */ = {
			isa = PBXNativeTarget;
			buildConfigurationList = 2335891B1E99519B00ED4A70 /* Build configuration list for PBXNativeTarget "LocationLoktra" */;
			buildPhases = (
				233589021E99519B00ED4A70 /* Sources */,
				233589031E99519B00ED4A70 /* Frameworks */,
				233589041E99519B00ED4A70 /* Resources */,
			);
			buildRules = (
			);
			dependencies = (
			);
			name = LocationLoktra;
			productName = LocationLoktra;
			productReference = 233589061E99519B00ED4A70 /* LocationLoktra.app */;
			productType = "com.apple.product-type.application";
		};
/* End PBXNativeTarget section */

/* Begin PBXProject section */
		233588FE1E99519B00ED4A70 /* Project object */ = {
			isa = PBXProject;
			attributes = {
				LastSwiftUpdateCheck = 0820;
				LastUpgradeCheck = 0820;
				ORGANIZATIONNAME = "Saurabh Yadav";
				TargetAttributes = {
					233589051E99519B00ED4A70 = {
						CreatedOnToolsVersion = 8.2.1;
						ProvisioningStyle = Automatic;
					};
				};
			};
			buildConfigurationList = 233589011E99519B00ED4A70 /* Build configuration list for PBXProject "LocationLoktra" */;
			compatibilityVersion = "Xcode 3.2";
			developmentRegion = English;
			hasScannedForEncodings = 0;
			knownRegions = (
				en,
				Base,
			);
			mainGroup = 233588FD1E99519B00ED4A70;
			productRefGroup = 233589071E99519B00ED4A70 /* Products */;
			projectDirPath = "";
			projectRoot = "";
			targets = (
				233589051E99519B00ED4A70 /* LocationLoktra */,
			);
		};
/* End PBXProject section */

/* Begin PBXResourcesBuildPhase section */
		233589041E99519B00ED4A70 /* Resources */ = {
			isa = PBXResourcesBuildPhase;
			buildActionMask = 2147483647;
			files = (
				233589171E99519B00ED4A70 /* LaunchScreen.storyboard in Resources */,
				231B7FE41E99D54400A736C3 /* perth.gpx in Resources */,
				231B7FE11E99D54400A736C3 /* darwin.gpx in Resources */,
				231B7FDF1E99D54400A736C3 /* brisbane.gpx in Resources */,
				233589141E99519B00ED4A70 /* Assets.xcassets in Resources */,
				231B7FDE1E99D54400A736C3 /* Mumbai.gpx in Resources */,
				2335890F1E99519B00ED4A70 /* Main.storyboard in Resources */,
				231B7FE31E99D54400A736C3 /* melbourne.gpx in Resources */,
				231B7FE01E99D54400A736C3 /* canberra.gpx in Resources */,
				231B7FE21E99D54400A736C3 /* hobart.gpx in Resources */,
			);
			runOnlyForDeploymentPostprocessing = 0;
		};
/* End PBXResourcesBuildPhase section */

/* Begin PBXSourcesBuildPhase section */
		233589021E99519B00ED4A70 /* Sources */ = {
			isa = PBXSourcesBuildPhase;
			buildActionMask = 2147483647;
			files = (
				233589121E99519B00ED4A70 /* LocationLoktra.xcdatamodeld in Sources */,
				2335890C1E99519B00ED4A70 /* ViewController.swift in Sources */,
				2335890A1E99519B00ED4A70 /* AppDelegate.swift in Sources */,
				231B7FD61E99B00A00A736C3 /* TimerCalculator.swift in Sources */,
				231B7FD41E99AC1F00A736C3 /* ExtensionsUIView.swift in Sources */,
				231B7FD21E998FEA00A736C3 /* CustomSlider.swift in Sources */,
			);
			runOnlyForDeploymentPostprocessing = 0;
		};
/* End PBXSourcesBuildPhase section */

/* Begin PBXVariantGroup section */
		2335890D1E99519B00ED4A70 /* Main.storyboard */ = {
			isa = PBXVariantGroup;
			children = (
				2335890E1E99519B00ED4A70 /* Base */,
			);
			name = Main.storyboard;
			sourceTree = "<group>";
		};
		233589151E99519B00ED4A70 /* LaunchScreen.storyboard */ = {
			isa = PBXVariantGroup;
			children = (
				233589161E99519B00ED4A70 /* Base */,
			);
			name = LaunchScreen.storyboard;
			sourceTree = "<group>";
		};
/* End PBXVariantGroup section */

/* Begin XCBuildConfiguration section */
		233589191E99519B00ED4A70 /* Debug */ = {
			isa = XCBuildConfiguration;
			buildSettings = {
				ALWAYS_SEARCH_USER_PATHS = NO;
				CLANG_ANALYZER_NONNULL = YES;
				CLANG_CXX_LANGUAGE_STANDARD = "gnu++0x";
				CLANG_CXX_LIBRARY = "libc++";
				CLANG_ENABLE_MODULES = YES;
				CLANG_ENABLE_OBJC_ARC = YES;
				CLANG_WARN_BOOL_CONVERSION = YES;
				CLANG_WARN_CONSTANT_CONVERSION = YES;
				CLANG_WARN_DIRECT_OBJC_ISA_USAGE = YES_ERROR;
				CLANG_WARN_DOCUMENTATION_COMMENTS = YES;
				CLANG_WARN_EMPTY_BODY = YES;
				CLANG_WARN_ENUM_CONVERSION = YES;
				CLANG_WARN_INFINITE_RECURSION = YES;
				CLANG_WARN_INT_CONVERSION = YES;
				CLANG_WARN_OBJC_ROOT_CLASS = YES_ERROR;
				CLANG_WARN_SUSPICIOUS_MOVE = YES;
				CLANG_WARN_UNREACHABLE_CODE = YES;
				CLANG_WARN__DUPLICATE_METHOD_MATCH = YES;
				"CODE_SIGN_IDENTITY[sdk=iphoneos*]" = "iPhone Developer";
				COPY_PHASE_STRIP = NO;
				DEBUG_INFORMATION_FORMAT = dwarf;
				ENABLE_STRICT_OBJC_MSGSEND = YES;
				ENABLE_TESTABILITY = YES;
				GCC_C_LANGUAGE_STANDARD = gnu99;
				GCC_DYNAMIC_NO_PIC = NO;
				GCC_NO_COMMON_BLOCKS = YES;
				GCC_OPTIMIZATION_LEVEL = 0;
				GCC_PREPROCESSOR_DEFINITIONS = (
					"DEBUG=1",
					"$(inherited)",
				);
				GCC_WARN_64_TO_32_BIT_CONVERSION = YES;
				GCC_WARN_ABOUT_RETURN_TYPE = YES_ERROR;
				GCC_WARN_UNDECLARED_SELECTOR = YES;
				GCC_WARN_UNINITIALIZED_AUTOS = YES_AGGRESSIVE;
				GCC_WARN_UNUSED_FUNCTION = YES;
				GCC_WARN_UNUSED_VARIABLE = YES;
				IPHONEOS_DEPLOYMENT_TARGET = 10.2;
				MTL_ENABLE_DEBUG_INFO = YES;
				ONLY_ACTIVE_ARCH = YES;
				SDKROOT = iphoneos;
				SWIFT_ACTIVE_COMPILATION_CONDITIONS = DEBUG;
				SWIFT_OPTIMIZATION_LEVEL = "-Onone";
			};
			name = Debug;
		};
		2335891A1E99519B00ED4A70 /* Release */ = {
			isa = XCBuildConfiguration;
			buildSettings = {
				ALWAYS_SEARCH_USER_PATHS = NO;
				CLANG_ANALYZER_NONNULL = YES;
				CLANG_CXX_LANGUAGE_STANDARD = "gnu++0x";
				CLANG_CXX_LIBRARY = "libc++";
				CLANG_ENABLE_MODULES = YES;
				CLANG_ENABLE_OBJC_ARC = YES;
				CLANG_WARN_BOOL_CONVERSION = YES;
				CLANG_WARN_CONSTANT_CONVERSION = YES;
				CLANG_WARN_DIRECT_OBJC_ISA_USAGE = YES_ERROR;
				CLANG_WARN_DOCUMENTATION_COMMENTS = YES;
				CLANG_WARN_EMPTY_BODY = YES;
				CLANG_WARN_ENUM_CONVERSION = YES;
				CLANG_WARN_INFINITE_RECURSION = YES;
				CLANG_WARN_INT_CONVERSION = YES;
				CLANG_WARN_OBJC_ROOT_CLASS = YES_ERROR;
				CLANG_WARN_SUSPICIOUS_MOVE = YES;
				CLANG_WARN_UNREACHABLE_CODE = YES;
				CLANG_WARN__DUPLICATE_METHOD_MATCH = YES;
				"CODE_SIGN_IDENTITY[sdk=iphoneos*]" = "iPhone Developer";
				COPY_PHASE_STRIP = NO;
				DEBUG_INFORMATION_FORMAT = "dwarf-with-dsym";
				ENABLE_NS_ASSERTIONS = NO;
				ENABLE_STRICT_OBJC_MSGSEND = YES;
				GCC_C_LANGUAGE_STANDARD = gnu99;
				GCC_NO_COMMON_BLOCKS = YES;
				GCC_WARN_64_TO_32_BIT_CONVERSION = YES;
				GCC_WARN_ABOUT_RETURN_TYPE = YES_ERROR;
				GCC_WARN_UNDECLARED_SELECTOR = YES;
				GCC_WARN_UNINITIALIZED_AUTOS = YES_AGGRESSIVE;
				GCC_WARN_UNUSED_FUNCTION = YES;
				GCC_WARN_UNUSED_VARIABLE = YES;
				IPHONEOS_DEPLOYMENT_TARGET = 10.2;
				MTL_ENABLE_DEBUG_INFO = NO;
				SDKROOT = iphoneos;
				SWIFT_OPTIMIZATION_LEVEL = "-Owholemodule";
				VALIDATE_PRODUCT = YES;
			};
			name = Release;
		};
		2335891C1E99519B00ED4A70 /* Debug */ = {
			isa = XCBuildConfiguration;
			buildSettings = {
				ASSETCATALOG_COMPILER_APPICON_NAME = AppIcon;
				INFOPLIST_FILE = LocationLoktra/Info.plist;
				LD_RUNPATH_SEARCH_PATHS = "$(inherited) @executable_path/Frameworks";
				PRODUCT_BUNDLE_IDENTIFIER = com.saurabh.LocationLoktra;
				PRODUCT_NAME = "$(TARGET_NAME)";
				SWIFT_VERSION = 3.0;
			};
			name = Debug;
		};
		2335891D1E99519B00ED4A70 /* Release */ = {
			isa = XCBuildConfiguration;
			buildSettings = {
				ASSETCATALOG_COMPILER_APPICON_NAME = AppIcon;
				INFOPLIST_FILE = LocationLoktra/Info.plist;
				LD_RUNPATH_SEARCH_PATHS = "$(inherited) @executable_path/Frameworks";
				PRODUCT_BUNDLE_IDENTIFIER = com.saurabh.LocationLoktra;
				PRODUCT_NAME = "$(TARGET_NAME)";
				SWIFT_VERSION = 3.0;
			};
			name = Release;
		};
/* End XCBuildConfiguration section */

/* Begin XCConfigurationList section */
		233589011E99519B00ED4A70 /* Build configuration list for PBXProject "LocationLoktra" */ = {
			isa = XCConfigurationList;
			buildConfigurations = (
				233589191E99519B00ED4A70 /* Debug */,
				2335891A1E99519B00ED4A70 /* Release */,
			);
			defaultConfigurationIsVisible = 0;
			defaultConfigurationName = Release;
		};
		2335891B1E99519B00ED4A70 /* Build configuration list for PBXNativeTarget "LocationLoktra" */ = {
			isa = XCConfigurationList;
			buildConfigurations = (
				2335891C1E99519B00ED4A70 /* Debug */,
				2335891D1E99519B00ED4A70 /* Release */,
			);
			defaultConfigurationIsVisible = 0;
			defaultConfigurationName = Release;
		};
/* End XCConfigurationList section */

/* Begin XCVersionGroup section */
		233589101E99519B00ED4A70 /* LocationLoktra.xcdatamodeld */ = {
			isa = XCVersionGroup;
			children = (
				233589111E99519B00ED4A70 /* LocationLoktra.xcdatamodel */,
			);
			currentVersion = 233589111E99519B00ED4A70 /* LocationLoktra.xcdatamodel */;
			path = LocationLoktra.xcdatamodeld;
			sourceTree = "<group>";
			versionGroupType = wrapper.xcdatamodel;
		};
/* End XCVersionGroup section */
	};
	rootObject = 233588FE1E99519B00ED4A70 /* Project object */;
}
